
Microsoft Visual Studio Solution File, Format Version 12.00
# Visual Studio 15
VisualStudioVersion = 15.0.27703.2042
MinimumVisualStudioVersion = 10.0.40219.1
Project("{FAE04EC0-301F-11D3-BF4B-00C04F79EFBC}") = "ExemploTuplas", "ExemploTuplas\ExemploTuplas.csproj", "{BB2DD771-D1AA-4950-96D5-799E9FED8F3A}"
EndProject
Project("{FAE04EC0-301F-11D3-BF4B-00C04F79EFBC}") = "ExemploEnumConstraint", "ExemploEnumConstraint\ExemploEnumConstraint.csproj", "{47BC882C-F111-4DFA-A3EB-6BAC566F6E6C}"
EndProject
Project("{FAE04EC0-301F-11D3-BF4B-00C04F79EFBC}") = "ExemploAutoImplementedAttribute", "ExemploAutoImplementedAttribute\ExemploAutoImplementedAttribute.csproj", "{1CD73FF7-76B0-4E58-80DF-7FD4283E974E}"
EndProject
Project("{FAE04EC0-301F-11D3-BF4B-00C04F79EFBC}") = "ExemploOut", "ExemploOut\ExemploOut.csproj", "{665542B5-2D26-48F7-B12B-8E6819C1C58E}"
EndProject
Project("{FAE04EC0-301F-11D3-BF4B-00C04F79EFBC}") = "ExemploSobrecargaIn", "ExemploSobrecargaIn\ExemploSobrecargaIn.csproj", "{5996B982-02D8-4542-B1A4-9872533FC685}"
EndProject
Global
	GlobalSection(SolutionConfigurationPlatforms) = preSolution
		Debug|Any CPU = Debug|Any CPU
		Release|Any CPU = Release|Any CPU
	EndGlobalSection
	GlobalSection(ProjectConfigurationPlatforms) = postSolution
		{BB2DD771-D1AA-4950-96D5-799E9FED8F3A}.Debug|Any CPU.ActiveCfg = Debug|Any CPU
		{BB2DD771-D1AA-4950-96D5-799E9FED8F3A}.Debug|Any CPU.Build.0 = Debug|Any CPU
		{BB2DD771-D1AA-4950-96D5-799E9FED8F3A}.Release|Any CPU.ActiveCfg = Release|Any CPU
		{BB2DD771-D1AA-4950-96D5-799E9FED8F3A}.Release|Any CPU.Build.0 = Release|Any CPU
		{47BC882C-F111-4DFA-A3EB-6BAC566F6E6C}.Debug|Any CPU.ActiveCfg = Debug|Any CPU
		{47BC882C-F111-4DFA-A3EB-6BAC566F6E6C}.Debug|Any CPU.Build.0 = Debug|Any CPU
		{47BC882C-F111-4DFA-A3EB-6BAC566F6E6C}.Release|Any CPU.ActiveCfg = Release|Any CPU
		{47BC882C-F111-4DFA-A3EB-6BAC566F6E6C}.Release|Any CPU.Build.0 = Release|Any CPU
		{1CD73FF7-76B0-4E58-80DF-7FD4283E974E}.Debug|Any CPU.ActiveCfg = Debug|Any CPU
		{1CD73FF7-76B0-4E58-80DF-7FD4283E974E}.Debug|Any CPU.Build.0 = Debug|Any CPU
		{1CD73FF7-76B0-4E58-80DF-7FD4283E974E}.Release|Any CPU.ActiveCfg = Release|Any CPU
		{1CD73FF7-76B0-4E58-80DF-7FD4283E974E}.Release|Any CPU.Build.0 = Release|Any CPU
		{665542B5-2D26-48F7-B12B-8E6819C1C58E}.Debug|Any CPU.ActiveCfg = Debug|Any CPU
		{665542B5-2D26-48F7-B12B-8E6819C1C58E}.Debug|Any CPU.Build.0 = Debug|Any CPU
		{665542B5-2D26-48F7-B12B-8E6819C1C58E}.Release|Any CPU.ActiveCfg = Release|Any CPU
		{665542B5-2D26-48F7-B12B-8E6819C1C58E}.Release|Any CPU.Build.0 = Release|Any CPU
		{5996B982-02D8-4542-B1A4-9872533FC685}.Debug|Any CPU.ActiveCfg = Debug|Any CPU
		{5996B982-02D8-4542-B1A4-9872533FC685}.Debug|Any CPU.Build.0 = Debug|Any CPU
		{5996B982-02D8-4542-B1A4-9872533FC685}.Release|Any CPU.ActiveCfg = Release|Any CPU
		{5996B982-02D8-4542-B1A4-9872533FC685}.Release|Any CPU.Build.0 = Release|Any CPU
	EndGlobalSection
	GlobalSection(SolutionProperties) = preSolution
		HideSolutionNode = FALSE
	EndGlobalSection
	GlobalSection(ExtensibilityGlobals) = postSolution
		SolutionGuid = {9F5361CD-301C-40C4-ACC5-3606175C9718}
	EndGlobalSection
EndGlobal
